
Microsoft Visual Studio Solution File, Format Version 12.00
# Visual Studio Version 16
VisualStudioVersion = 16.0.30611.23
MinimumVisualStudioVersion = 10.0.40219.1
Project("{FAE04EC0-301F-11D3-BF4B-00C04F79EFBC}") = "Test", "Test\Test.csproj", "{ABF2C16D-DA0B-4F72-B0FC-0E136EC7BE16}"
EndProject
Global
	GlobalSection(SolutionConfigurationPlatforms) = preSolution
		Debug|Any CPU = Debug|Any CPU
		Release|Any CPU = Release|Any CPU
	EndGlobalSection
	GlobalSection(ProjectConfigurationPlatforms) = postSolution
		{ABF2C16D-DA0B-4F72-B0FC-0E136EC7BE16}.Debug|Any CPU.ActiveCfg = Debug|Any CPU
		{ABF2C16D-DA0B-4F72-B0FC-0E136EC7BE16}.Debug|Any CPU.Build.0 = Debug|Any CPU
		{ABF2C16D-DA0B-4F72-B0FC-0E136EC7BE16}.Release|Any CPU.ActiveCfg = Release|Any CPU
		{ABF2C16D-DA0B-4F72-B0FC-0E136EC7BE16}.Release|Any CPU.Build.0 = Release|Any CPU
	EndGlobalSection
	GlobalSection(SolutionProperties) = preSolution
		HideSolutionNode = FALSE
	EndGlobalSection
	GlobalSection(ExtensibilityGlobals) = postSolution
		SolutionGuid = {5B6FA762-8DEB-4E7E-AC94-9A35AD16DC99}
	EndGlobalSection
EndGlobal
